
Microsoft Visual Studio Solution File, Format Version 12.00
# Visual Studio Version 17
VisualStudioVersion = 17.4.33213.308
MinimumVisualStudioVersion = 10.0.40219.1
Project("{9A19103F-16F7-4668-BE54-9A1E7A4F7556}") = "3DEnvironmentPlayground", "3DEnvironmentPlayground\3DEnvironmentPlayground.csproj", "{3C6203F7-DDEB-4D40-8F1C-97553CFBFEAB}"
EndProject
Project("{FAE04EC0-301F-11D3-BF4B-00C04F79EFBC}") = "3DEnvironmentTests", "3DEnvironmentTests\3DEnvironmentTests.csproj", "{CA8DDE64-085F-4308-BDA2-FD8C295CFE20}"
EndProject
Global
	GlobalSection(SolutionConfigurationPlatforms) = preSolution
		Debug|Any CPU = Debug|Any CPU
		Release|Any CPU = Release|Any CPU
	EndGlobalSection
	GlobalSection(ProjectConfigurationPlatforms) = postSolution
		{3C6203F7-DDEB-4D40-8F1C-97553CFBFEAB}.Debug|Any CPU.ActiveCfg = Debug|Any CPU
		{3C6203F7-DDEB-4D40-8F1C-97553CFBFEAB}.Debug|Any CPU.Build.0 = Debug|Any CPU
		{3C6203F7-DDEB-4D40-8F1C-97553CFBFEAB}.Release|Any CPU.ActiveCfg = Release|Any CPU
		{3C6203F7-DDEB-4D40-8F1C-97553CFBFEAB}.Release|Any CPU.Build.0 = Release|Any CPU
		{CA8DDE64-085F-4308-BDA2-FD8C295CFE20}.Debug|Any CPU.ActiveCfg = Debug|Any CPU
		{CA8DDE64-085F-4308-BDA2-FD8C295CFE20}.Debug|Any CPU.Build.0 = Debug|Any CPU
		{CA8DDE64-085F-4308-BDA2-FD8C295CFE20}.Release|Any CPU.ActiveCfg = Release|Any CPU
		{CA8DDE64-085F-4308-BDA2-FD8C295CFE20}.Release|Any CPU.Build.0 = Release|Any CPU
	EndGlobalSection
	GlobalSection(SolutionProperties) = preSolution
		HideSolutionNode = FALSE
	EndGlobalSection
	GlobalSection(ExtensibilityGlobals) = postSolution
		SolutionGuid = {877139E1-044C-47CF-9EA6-7355700DF48C}
	EndGlobalSection
EndGlobal
